
Microsoft Visual Studio Solution File, Format Version 10.00
# Visual Studio 2008
Project("{8BC9CEB8-8B4A-11D0-8D11-00A0C91BC942}") = "yht_test", "yht_test\yht_test.vcproj", "{9840CCDE-659D-47BD-89A9-2CE78B3FE703}"
EndProject
Global
	GlobalSection(SolutionConfigurationPlatforms) = preSolution
		Debug|Win32 = Debug|Win32
		Release|Win32 = Release|Win32
	EndGlobalSection
	GlobalSection(ProjectConfigurationPlatforms) = postSolution
		{9840CCDE-659D-47BD-89A9-2CE78B3FE703}.Debug|Win32.ActiveCfg = Debug|Win32
		{9840CCDE-659D-47BD-89A9-2CE78B3FE703}.Debug|Win32.Build.0 = Debug|Win32
		{9840CCDE-659D-47BD-89A9-2CE78B3FE703}.Release|Win32.ActiveCfg = Release|Win32
		{9840CCDE-659D-47BD-89A9-2CE78B3FE703}.Release|Win32.Build.0 = Release|Win32
	EndGlobalSection
	GlobalSection(SolutionProperties) = preSolution
		HideSolutionNode = FALSE
	EndGlobalSection
EndGlobal
